
Microsoft Visual Studio Solution File, Format Version 12.00
# Visual Studio 15
VisualStudioVersion = 15.0.26124.0
MinimumVisualStudioVersion = 15.0.26124.0
Project("{2150E333-8FDC-42A3-9474-1A3956D46DE8}") = "XamlSamples", "XamlSamples\XamlSamples.csproj", "{DB775D0D-6220-406F-8026-45573E8711B3}"
EndProject
Project("{FAE04EC0-301F-11D3-BF4B-00C04F79EFBC}") = "XamlSamples.GTK", "XamlSamples.GTK\XamlSamples.GTK.csproj", "{57AF49CD-A4B2-4340-9B87-C2929F07F265}"
EndProject
Global
	GlobalSection(SolutionConfigurationPlatforms) = preSolution
		Debug|Any CPU = Debug|Any CPU
		Debug|x64 = Debug|x64
		Debug|x86 = Debug|x86
		Release|Any CPU = Release|Any CPU
		Release|x64 = Release|x64
		Release|x86 = Release|x86
	EndGlobalSection
	GlobalSection(SolutionProperties) = preSolution
		HideSolutionNode = FALSE
	EndGlobalSection
	GlobalSection(ProjectConfigurationPlatforms) = postSolution
		{57AF49CD-A4B2-4340-9B87-C2929F07F265}.Debug|Any CPU.ActiveCfg = Debug|Any CPU
		{57AF49CD-A4B2-4340-9B87-C2929F07F265}.Debug|Any CPU.Build.0 = Debug|Any CPU
		{57AF49CD-A4B2-4340-9B87-C2929F07F265}.Debug|x64.ActiveCfg = Debug|Any CPU
		{57AF49CD-A4B2-4340-9B87-C2929F07F265}.Debug|x64.Build.0 = Debug|Any CPU
		{57AF49CD-A4B2-4340-9B87-C2929F07F265}.Debug|x86.ActiveCfg = Debug|Any CPU
		{57AF49CD-A4B2-4340-9B87-C2929F07F265}.Debug|x86.Build.0 = Debug|Any CPU
		{57AF49CD-A4B2-4340-9B87-C2929F07F265}.Release|Any CPU.ActiveCfg = Debug|Any CPU
		{57AF49CD-A4B2-4340-9B87-C2929F07F265}.Release|Any CPU.Build.0 = Debug|Any CPU
		{57AF49CD-A4B2-4340-9B87-C2929F07F265}.Release|x64.ActiveCfg = Debug|Any CPU
		{57AF49CD-A4B2-4340-9B87-C2929F07F265}.Release|x64.Build.0 = Debug|Any CPU
		{57AF49CD-A4B2-4340-9B87-C2929F07F265}.Release|x86.ActiveCfg = Debug|Any CPU
		{57AF49CD-A4B2-4340-9B87-C2929F07F265}.Release|x86.Build.0 = Debug|Any CPU
	EndGlobalSection
	GlobalSection(NestedProjects) = preSolution
		{57AF49CD-A4B2-4340-9B87-C2929F07F265} = {DB775D0D-6220-406F-8026-45573E8711B3}
	EndGlobalSection
EndGlobal
